
Microsoft Visual Studio Solution File, Format Version 12.00
# Visual Studio 15
VisualStudioVersion = 15.0.27130.2026
MinimumVisualStudioVersion = 10.0.40219.1
Project("{FAE04EC0-301F-11D3-BF4B-00C04F79EFBC}") = "Serilog.Sinks.RollingFileAlternative", "Serilog.Sinks.RollingFileAlternative\Serilog.Sinks.RollingFileAlternative.csproj", "{64A75AC3-5425-4655-8C7D-48F00E38E81C}"
EndProject
Global
	GlobalSection(SolutionConfigurationPlatforms) = preSolution
		Debug|Any CPU = Debug|Any CPU
		Release|Any CPU = Release|Any CPU
	EndGlobalSection
	GlobalSection(ProjectConfigurationPlatforms) = postSolution
		{64A75AC3-5425-4655-8C7D-48F00E38E81C}.Debug|Any CPU.ActiveCfg = Debug|Any CPU
		{64A75AC3-5425-4655-8C7D-48F00E38E81C}.Debug|Any CPU.Build.0 = Debug|Any CPU
		{64A75AC3-5425-4655-8C7D-48F00E38E81C}.Release|Any CPU.ActiveCfg = Release|Any CPU
		{64A75AC3-5425-4655-8C7D-48F00E38E81C}.Release|Any CPU.Build.0 = Release|Any CPU
	EndGlobalSection
	GlobalSection(SolutionProperties) = preSolution
		HideSolutionNode = FALSE
	EndGlobalSection
	GlobalSection(ExtensibilityGlobals) = postSolution
		SolutionGuid = {B8BC3864-FDED-4234-A1D9-F26DDA8F5A9F}
	EndGlobalSection
EndGlobal
